<?xml version="1.0" encoding="UTF-8" standalone="yes" ?>
<CodeBlocks_project_file>
	<FileVersion major="1" minor="6" />
	<Project>
		<Option title="theremin_optico" />
		<Option pch_mode="2" />
		<Option compiler="gcc" />
		<Build>
			<Target title="Debug">
				<Option output="bin/Debug/theremin_optico" prefix_auto="1" extension_auto="1" />
				<Option object_output="obj/Debug/" />
				<Option type="1" />
				<Option compiler="gcc" />
				<Compiler>
					<Add option="-std=c++11" />
					<Add option="-D__STDC_CONSTANT_MACROS" />
					<Add option="-fpeel-loops" />
					<Add option="-finline-functions" />
					<Add option="-g" />
					<Add option="`pkg-config opencv --cflags --libs`" />
					<Add directory="dependencias/Notas" />
					<Add directory="dependencias" />
					<Add directory="dependencias/libasound" />
				</Compiler>
				<Linker>
					<Add option="-lm" />
					<Add option="-lrt" />
					<Add option="-pthread" />
					<Add option="-ljack" />
					<Add option="-lasound" />
					<Add option="`pkg-config --libs opencv`" />
					<Add library="dependencias/libGamma.a" />
					<Add library="dependencias/libportaudio.a" />
					<Add library="dependencias/libjack.a" />
					<Add library="dependencias/libasound/libasound.so" />
				</Linker>
			</Target>
			<Target title="Release">
				<Option output="bin/Release/theremin_optico" prefix_auto="1" extension_auto="1" />
				<Option object_output="obj/Release/" />
				<Option type="0" />
				<Option compiler="gcc" />
				<Compiler>
					<Add option="-O2" />
					<Add option="-std=c++11" />
					<Add option="-D__STDC_CONSTANT_MACROS" />
					<Add option="-fpeel-loops" />
					<Add option="-finline-functions" />
					<Add option="-s" />
				</Compiler>
				<Linker>
					<Add option="-lm" />
					<Add option="-lrt" />
					<Add option="-pthread" />
					<Add option="-ljack" />
					<Add option="-lasound" />
				</Linker>
			</Target>
		</Build>
		<Compiler>
			<Add option="`opencv-config --cxxflags`" />
		</Compiler>
		<Linker>
			<Add option="`opencv-config --ldstaticflags`" />
		</Linker>
		<Unit filename="cabeceras" />
		<Unit filename="dependencias/theremin_so" />
		<Unit filename="lena.jpg" />
		<Unit filename="main.cpp" />
		<Extensions>
			<envvars />
			<code_completion />
			<lib_finder disable_auto="1" />
			<debugger />
		</Extensions>
	</Project>
</CodeBlocks_project_file>
